
Microsoft Visual Studio Solution File, Format Version 12.00
# Visual Studio 14
VisualStudioVersion = 14.0.22310.1
MinimumVisualStudioVersion = 10.0.40219.1
Project("{2150E333-8FDC-42A3-9474-1A3956D46DE8}") = "PresentationLayer", "PresentationLayer", "{3B13718C-273C-43ED-8749-63D2D1C39DF4}"
EndProject
Project("{2150E333-8FDC-42A3-9474-1A3956D46DE8}") = "DataAccessLayer", "DataAccessLayer", "{6542C64D-9964-45B0-BC7F-DFEE79A27E79}"
EndProject
Project("{2150E333-8FDC-42A3-9474-1A3956D46DE8}") = "BusinessLayer", "BusinessLayer", "{E4DE92D9-EB54-4B1A-818A-C3B0FEA51850}"
EndProject
Project("{262852C6-CD72-467D-83FE-5EEB1973A190}") = "CodeNameDelta", "CodeNameDelta\PresentationLayer\CodeNameDelta\CodeNameDelta.jsproj", "{81942FAF-957E-4E11-A44D-2F147FD6840D}"
EndProject
Project("{2150E333-8FDC-42A3-9474-1A3956D46DE8}") = "ServiceLayer", "ServiceLayer", "{7E9874DB-A333-4030-8EB0-84DAC511B0B1}"
EndProject
Project("{FAE04EC0-301F-11D3-BF4B-00C04F79EFBC}") = "CodeNameDelta.Service", "CodeNameDelta\ServiceLayer\CodeNameDelta.Service\CodeNameDelta.Service.csproj", "{23E8A064-29CD-461D-8238-0A69F0909AAF}"
EndProject
Project("{FAE04EC0-301F-11D3-BF4B-00C04F79EFBC}") = "CodeNameDelta.Domain", "CodeNameDelta\BusinessLayer\CodeNameDelta.Domain\CodeNameDelta.Domain.csproj", "{323704F9-C875-4032-9C18-D35644196D79}"
EndProject
Project("{FAE04EC0-301F-11D3-BF4B-00C04F79EFBC}") = "CodeNameDelta.DomainService", "CodeNameDelta\BusinessLayer\CodeNameDelta.DomainService\CodeNameDelta.DomainService.csproj", "{9D26E2A9-4BD1-4DB3-8DC4-FA446B718BBB}"
EndProject
Project("{FAE04EC0-301F-11D3-BF4B-00C04F79EFBC}") = "CodeNameDelta.Service.Init", "CodeNameDelta\ServiceLayer\CodeNameDelta.Service.Init\CodeNameDelta.Service.Init.csproj", "{3C403852-C8AA-4351-B9A6-D9ADE37EC682}"
EndProject
Global
	GlobalSection(SolutionConfigurationPlatforms) = preSolution
		Debug|Android = Debug|Android
		Debug|Any CPU = Debug|Any CPU
		Debug|iOS = Debug|iOS
		Debug|Windows Phone (Universal) = Debug|Windows Phone (Universal)
		Debug|Windows Phone 8 = Debug|Windows Phone 8
		Debug|Windows-AnyCPU = Debug|Windows-AnyCPU
		Debug|Windows-ARM = Debug|Windows-ARM
		Debug|Windows-x64 = Debug|Windows-x64
		Debug|Windows-x86 = Debug|Windows-x86
		Distribution|Android = Distribution|Android
		Distribution|Any CPU = Distribution|Any CPU
		Distribution|iOS = Distribution|iOS
		Distribution|Windows Phone (Universal) = Distribution|Windows Phone (Universal)
		Distribution|Windows Phone 8 = Distribution|Windows Phone 8
		Distribution|Windows-AnyCPU = Distribution|Windows-AnyCPU
		Distribution|Windows-ARM = Distribution|Windows-ARM
		Distribution|Windows-x64 = Distribution|Windows-x64
		Distribution|Windows-x86 = Distribution|Windows-x86
		Release|Android = Release|Android
		Release|Any CPU = Release|Any CPU
		Release|iOS = Release|iOS
		Release|Windows Phone (Universal) = Release|Windows Phone (Universal)
		Release|Windows Phone 8 = Release|Windows Phone 8
		Release|Windows-AnyCPU = Release|Windows-AnyCPU
		Release|Windows-ARM = Release|Windows-ARM
		Release|Windows-x64 = Release|Windows-x64
		Release|Windows-x86 = Release|Windows-x86
	EndGlobalSection
	GlobalSection(ProjectConfigurationPlatforms) = postSolution
		{81942FAF-957E-4E11-A44D-2F147FD6840D}.Debug|Android.ActiveCfg = Debug|Android
		{81942FAF-957E-4E11-A44D-2F147FD6840D}.Debug|Android.Build.0 = Debug|Android
		{81942FAF-957E-4E11-A44D-2F147FD6840D}.Debug|Android.Deploy.0 = Debug|Android
		{81942FAF-957E-4E11-A44D-2F147FD6840D}.Debug|Any CPU.ActiveCfg = Debug|Android
		{81942FAF-957E-4E11-A44D-2F147FD6840D}.Debug|iOS.ActiveCfg = Debug|iOS
		{81942FAF-957E-4E11-A44D-2F147FD6840D}.Debug|iOS.Build.0 = Debug|iOS
		{81942FAF-957E-4E11-A44D-2F147FD6840D}.Debug|iOS.Deploy.0 = Debug|iOS
		{81942FAF-957E-4E11-A44D-2F147FD6840D}.Debug|Windows Phone (Universal).ActiveCfg = Debug|Windows Phone (Universal)
		{81942FAF-957E-4E11-A44D-2F147FD6840D}.Debug|Windows Phone (Universal).Build.0 = Debug|Windows Phone (Universal)
		{81942FAF-957E-4E11-A44D-2F147FD6840D}.Debug|Windows Phone (Universal).Deploy.0 = Debug|Windows Phone (Universal)
		{81942FAF-957E-4E11-A44D-2F147FD6840D}.Debug|Windows Phone 8.ActiveCfg = Debug|Windows Phone 8
		{81942FAF-957E-4E11-A44D-2F147FD6840D}.Debug|Windows Phone 8.Build.0 = Debug|Windows Phone 8
		{81942FAF-957E-4E11-A44D-2F147FD6840D}.Debug|Windows Phone 8.Deploy.0 = Debug|Windows Phone 8
		{81942FAF-957E-4E11-A44D-2F147FD6840D}.Debug|Windows-AnyCPU.ActiveCfg = Debug|Windows-AnyCPU
		{81942FAF-957E-4E11-A44D-2F147FD6840D}.Debug|Windows-AnyCPU.Build.0 = Debug|Windows-AnyCPU
		{81942FAF-957E-4E11-A44D-2F147FD6840D}.Debug|Windows-AnyCPU.Deploy.0 = Debug|Windows-AnyCPU
		{81942FAF-957E-4E11-A44D-2F147FD6840D}.Debug|Windows-ARM.ActiveCfg = Debug|Windows-ARM
		{81942FAF-957E-4E11-A44D-2F147FD6840D}.Debug|Windows-ARM.Build.0 = Debug|Windows-ARM
		{81942FAF-957E-4E11-A44D-2F147FD6840D}.Debug|Windows-ARM.Deploy.0 = Debug|Windows-ARM
		{81942FAF-957E-4E11-A44D-2F147FD6840D}.Debug|Windows-x64.ActiveCfg = Debug|Windows-x64
		{81942FAF-957E-4E11-A44D-2F147FD6840D}.Debug|Windows-x64.Build.0 = Debug|Windows-x64
		{81942FAF-957E-4E11-A44D-2F147FD6840D}.Debug|Windows-x64.Deploy.0 = Debug|Windows-x64
		{81942FAF-957E-4E11-A44D-2F147FD6840D}.Debug|Windows-x86.ActiveCfg = Debug|Windows-x86
		{81942FAF-957E-4E11-A44D-2F147FD6840D}.Debug|Windows-x86.Build.0 = Debug|Windows-x86
		{81942FAF-957E-4E11-A44D-2F147FD6840D}.Debug|Windows-x86.Deploy.0 = Debug|Windows-x86
		{81942FAF-957E-4E11-A44D-2F147FD6840D}.Distribution|Android.ActiveCfg = Distribution|Android
		{81942FAF-957E-4E11-A44D-2F147FD6840D}.Distribution|Android.Build.0 = Distribution|Android
		{81942FAF-957E-4E11-A44D-2F147FD6840D}.Distribution|Android.Deploy.0 = Distribution|Android
		{81942FAF-957E-4E11-A44D-2F147FD6840D}.Distribution|Any CPU.ActiveCfg = Distribution|Android
		{81942FAF-957E-4E11-A44D-2F147FD6840D}.Distribution|iOS.ActiveCfg = Distribution|iOS
		{81942FAF-957E-4E11-A44D-2F147FD6840D}.Distribution|iOS.Build.0 = Distribution|iOS
		{81942FAF-957E-4E11-A44D-2F147FD6840D}.Distribution|iOS.Deploy.0 = Distribution|iOS
		{81942FAF-957E-4E11-A44D-2F147FD6840D}.Distribution|Windows Phone (Universal).ActiveCfg = Distribution|Windows Phone (Universal)
		{81942FAF-957E-4E11-A44D-2F147FD6840D}.Distribution|Windows Phone (Universal).Build.0 = Distribution|Windows Phone (Universal)
		{81942FAF-957E-4E11-A44D-2F147FD6840D}.Distribution|Windows Phone (Universal).Deploy.0 = Distribution|Windows Phone (Universal)
		{81942FAF-957E-4E11-A44D-2F147FD6840D}.Distribution|Windows Phone 8.ActiveCfg = Distribution|Windows Phone 8
		{81942FAF-957E-4E11-A44D-2F147FD6840D}.Distribution|Windows Phone 8.Build.0 = Distribution|Windows Phone 8
		{81942FAF-957E-4E11-A44D-2F147FD6840D}.Distribution|Windows Phone 8.Deploy.0 = Distribution|Windows Phone 8
		{81942FAF-957E-4E11-A44D-2F147FD6840D}.Distribution|Windows-AnyCPU.ActiveCfg = Distribution|Windows-AnyCPU
		{81942FAF-957E-4E11-A44D-2F147FD6840D}.Distribution|Windows-AnyCPU.Build.0 = Distribution|Windows-AnyCPU
		{81942FAF-957E-4E11-A44D-2F147FD6840D}.Distribution|Windows-AnyCPU.Deploy.0 = Distribution|Windows-AnyCPU
		{81942FAF-957E-4E11-A44D-2F147FD6840D}.Distribution|Windows-ARM.ActiveCfg = Distribution|Windows-ARM
		{81942FAF-957E-4E11-A44D-2F147FD6840D}.Distribution|Windows-ARM.Build.0 = Distribution|Windows-ARM
		{81942FAF-957E-4E11-A44D-2F147FD6840D}.Distribution|Windows-ARM.Deploy.0 = Distribution|Windows-ARM
		{81942FAF-957E-4E11-A44D-2F147FD6840D}.Distribution|Windows-x64.ActiveCfg = Distribution|Windows-x64
		{81942FAF-957E-4E11-A44D-2F147FD6840D}.Distribution|Windows-x64.Build.0 = Distribution|Windows-x64
		{81942FAF-957E-4E11-A44D-2F147FD6840D}.Distribution|Windows-x64.Deploy.0 = Distribution|Windows-x64
		{81942FAF-957E-4E11-A44D-2F147FD6840D}.Distribution|Windows-x86.ActiveCfg = Distribution|Windows-x86
		{81942FAF-957E-4E11-A44D-2F147FD6840D}.Distribution|Windows-x86.Build.0 = Distribution|Windows-x86
		{81942FAF-957E-4E11-A44D-2F147FD6840D}.Distribution|Windows-x86.Deploy.0 = Distribution|Windows-x86
		{81942FAF-957E-4E11-A44D-2F147FD6840D}.Release|Android.ActiveCfg = Release|Android
		{81942FAF-957E-4E11-A44D-2F147FD6840D}.Release|Android.Build.0 = Release|Android
		{81942FAF-957E-4E11-A44D-2F147FD6840D}.Release|Android.Deploy.0 = Release|Android
		{81942FAF-957E-4E11-A44D-2F147FD6840D}.Release|Any CPU.ActiveCfg = Release|Android
		{81942FAF-957E-4E11-A44D-2F147FD6840D}.Release|iOS.ActiveCfg = Release|iOS
		{81942FAF-957E-4E11-A44D-2F147FD6840D}.Release|iOS.Build.0 = Release|iOS
		{81942FAF-957E-4E11-A44D-2F147FD6840D}.Release|iOS.Deploy.0 = Release|iOS
		{81942FAF-957E-4E11-A44D-2F147FD6840D}.Release|Windows Phone (Universal).ActiveCfg = Release|Windows Phone (Universal)
		{81942FAF-957E-4E11-A44D-2F147FD6840D}.Release|Windows Phone (Universal).Build.0 = Release|Windows Phone (Universal)
		{81942FAF-957E-4E11-A44D-2F147FD6840D}.Release|Windows Phone (Universal).Deploy.0 = Release|Windows Phone (Universal)
		{81942FAF-957E-4E11-A44D-2F147FD6840D}.Release|Windows Phone 8.ActiveCfg = Release|Windows Phone 8
		{81942FAF-957E-4E11-A44D-2F147FD6840D}.Release|Windows Phone 8.Build.0 = Release|Windows Phone 8
		{81942FAF-957E-4E11-A44D-2F147FD6840D}.Release|Windows Phone 8.Deploy.0 = Release|Windows Phone 8
		{81942FAF-957E-4E11-A44D-2F147FD6840D}.Release|Windows-AnyCPU.ActiveCfg = Release|Windows-AnyCPU
		{81942FAF-957E-4E11-A44D-2F147FD6840D}.Release|Windows-AnyCPU.Build.0 = Release|Windows-AnyCPU
		{81942FAF-957E-4E11-A44D-2F147FD6840D}.Release|Windows-AnyCPU.Deploy.0 = Release|Windows-AnyCPU
		{81942FAF-957E-4E11-A44D-2F147FD6840D}.Release|Windows-ARM.ActiveCfg = Release|Windows-ARM
		{81942FAF-957E-4E11-A44D-2F147FD6840D}.Release|Windows-ARM.Build.0 = Release|Windows-ARM
		{81942FAF-957E-4E11-A44D-2F147FD6840D}.Release|Windows-ARM.Deploy.0 = Release|Windows-ARM
		{81942FAF-957E-4E11-A44D-2F147FD6840D}.Release|Windows-x64.ActiveCfg = Release|Windows-x64
		{81942FAF-957E-4E11-A44D-2F147FD6840D}.Release|Windows-x64.Build.0 = Release|Windows-x64
		{81942FAF-957E-4E11-A44D-2F147FD6840D}.Release|Windows-x64.Deploy.0 = Release|Windows-x64
		{81942FAF-957E-4E11-A44D-2F147FD6840D}.Release|Windows-x86.ActiveCfg = Release|Windows-x86
		{81942FAF-957E-4E11-A44D-2F147FD6840D}.Release|Windows-x86.Build.0 = Release|Windows-x86
		{81942FAF-957E-4E11-A44D-2F147FD6840D}.Release|Windows-x86.Deploy.0 = Release|Windows-x86
		{23E8A064-29CD-461D-8238-0A69F0909AAF}.Debug|Android.ActiveCfg = Debug|Any CPU
		{23E8A064-29CD-461D-8238-0A69F0909AAF}.Debug|Android.Build.0 = Debug|Any CPU
		{23E8A064-29CD-461D-8238-0A69F0909AAF}.Debug|Any CPU.ActiveCfg = Debug|Any CPU
		{23E8A064-29CD-461D-8238-0A69F0909AAF}.Debug|Any CPU.Build.0 = Debug|Any CPU
		{23E8A064-29CD-461D-8238-0A69F0909AAF}.Debug|iOS.ActiveCfg = Debug|Any CPU
		{23E8A064-29CD-461D-8238-0A69F0909AAF}.Debug|iOS.Build.0 = Debug|Any CPU
		{23E8A064-29CD-461D-8238-0A69F0909AAF}.Debug|Windows Phone (Universal).ActiveCfg = Debug|Any CPU
		{23E8A064-29CD-461D-8238-0A69F0909AAF}.Debug|Windows Phone (Universal).Build.0 = Debug|Any CPU
		{23E8A064-29CD-461D-8238-0A69F0909AAF}.Debug|Windows Phone 8.ActiveCfg = Debug|Any CPU
		{23E8A064-29CD-461D-8238-0A69F0909AAF}.Debug|Windows Phone 8.Build.0 = Debug|Any CPU
		{23E8A064-29CD-461D-8238-0A69F0909AAF}.Debug|Windows-AnyCPU.ActiveCfg = Debug|Any CPU
		{23E8A064-29CD-461D-8238-0A69F0909AAF}.Debug|Windows-AnyCPU.Build.0 = Debug|Any CPU
		{23E8A064-29CD-461D-8238-0A69F0909AAF}.Debug|Windows-ARM.ActiveCfg = Debug|Any CPU
		{23E8A064-29CD-461D-8238-0A69F0909AAF}.Debug|Windows-ARM.Build.0 = Debug|Any CPU
		{23E8A064-29CD-461D-8238-0A69F0909AAF}.Debug|Windows-x64.ActiveCfg = Debug|Any CPU
		{23E8A064-29CD-461D-8238-0A69F0909AAF}.Debug|Windows-x64.Build.0 = Debug|Any CPU
		{23E8A064-29CD-461D-8238-0A69F0909AAF}.Debug|Windows-x86.ActiveCfg = Debug|Any CPU
		{23E8A064-29CD-461D-8238-0A69F0909AAF}.Debug|Windows-x86.Build.0 = Debug|Any CPU
		{23E8A064-29CD-461D-8238-0A69F0909AAF}.Distribution|Android.ActiveCfg = Debug|Any CPU
		{23E8A064-29CD-461D-8238-0A69F0909AAF}.Distribution|Android.Build.0 = Debug|Any CPU
		{23E8A064-29CD-461D-8238-0A69F0909AAF}.Distribution|Any CPU.ActiveCfg = Debug|Any CPU
		{23E8A064-29CD-461D-8238-0A69F0909AAF}.Distribution|Any CPU.Build.0 = Debug|Any CPU
		{23E8A064-29CD-461D-8238-0A69F0909AAF}.Distribution|iOS.ActiveCfg = Debug|Any CPU
		{23E8A064-29CD-461D-8238-0A69F0909AAF}.Distribution|iOS.Build.0 = Debug|Any CPU
		{23E8A064-29CD-461D-8238-0A69F0909AAF}.Distribution|Windows Phone (Universal).ActiveCfg = Debug|Any CPU
		{23E8A064-29CD-461D-8238-0A69F0909AAF}.Distribution|Windows Phone (Universal).Build.0 = Debug|Any CPU
		{23E8A064-29CD-461D-8238-0A69F0909AAF}.Distribution|Windows Phone 8.ActiveCfg = Debug|Any CPU
		{23E8A064-29CD-461D-8238-0A69F0909AAF}.Distribution|Windows Phone 8.Build.0 = Debug|Any CPU
		{23E8A064-29CD-461D-8238-0A69F0909AAF}.Distribution|Windows-AnyCPU.ActiveCfg = Debug|Any CPU
		{23E8A064-29CD-461D-8238-0A69F0909AAF}.Distribution|Windows-AnyCPU.Build.0 = Debug|Any CPU
		{23E8A064-29CD-461D-8238-0A69F0909AAF}.Distribution|Windows-ARM.ActiveCfg = Debug|Any CPU
		{23E8A064-29CD-461D-8238-0A69F0909AAF}.Distribution|Windows-ARM.Build.0 = Debug|Any CPU
		{23E8A064-29CD-461D-8238-0A69F0909AAF}.Distribution|Windows-x64.ActiveCfg = Debug|Any CPU
		{23E8A064-29CD-461D-8238-0A69F0909AAF}.Distribution|Windows-x64.Build.0 = Debug|Any CPU
		{23E8A064-29CD-461D-8238-0A69F0909AAF}.Distribution|Windows-x86.ActiveCfg = Debug|Any CPU
		{23E8A064-29CD-461D-8238-0A69F0909AAF}.Distribution|Windows-x86.Build.0 = Debug|Any CPU
		{23E8A064-29CD-461D-8238-0A69F0909AAF}.Release|Android.ActiveCfg = Release|Any CPU
		{23E8A064-29CD-461D-8238-0A69F0909AAF}.Release|Android.Build.0 = Release|Any CPU
		{23E8A064-29CD-461D-8238-0A69F0909AAF}.Release|Any CPU.ActiveCfg = Release|Any CPU
		{23E8A064-29CD-461D-8238-0A69F0909AAF}.Release|Any CPU.Build.0 = Release|Any CPU
		{23E8A064-29CD-461D-8238-0A69F0909AAF}.Release|iOS.ActiveCfg = Release|Any CPU
		{23E8A064-29CD-461D-8238-0A69F0909AAF}.Release|iOS.Build.0 = Release|Any CPU
		{23E8A064-29CD-461D-8238-0A69F0909AAF}.Release|Windows Phone (Universal).ActiveCfg = Release|Any CPU
		{23E8A064-29CD-461D-8238-0A69F0909AAF}.Release|Windows Phone (Universal).Build.0 = Release|Any CPU
		{23E8A064-29CD-461D-8238-0A69F0909AAF}.Release|Windows Phone 8.ActiveCfg = Release|Any CPU
		{23E8A064-29CD-461D-8238-0A69F0909AAF}.Release|Windows Phone 8.Build.0 = Release|Any CPU
		{23E8A064-29CD-461D-8238-0A69F0909AAF}.Release|Windows-AnyCPU.ActiveCfg = Release|Any CPU
		{23E8A064-29CD-461D-8238-0A69F0909AAF}.Release|Windows-AnyCPU.Build.0 = Release|Any CPU
		{23E8A064-29CD-461D-8238-0A69F0909AAF}.Release|Windows-ARM.ActiveCfg = Release|Any CPU
		{23E8A064-29CD-461D-8238-0A69F0909AAF}.Release|Windows-ARM.Build.0 = Release|Any CPU
		{23E8A064-29CD-461D-8238-0A69F0909AAF}.Release|Windows-x64.ActiveCfg = Release|Any CPU
		{23E8A064-29CD-461D-8238-0A69F0909AAF}.Release|Windows-x64.Build.0 = Release|Any CPU
		{23E8A064-29CD-461D-8238-0A69F0909AAF}.Release|Windows-x86.ActiveCfg = Release|Any CPU
		{23E8A064-29CD-461D-8238-0A69F0909AAF}.Release|Windows-x86.Build.0 = Release|Any CPU
		{323704F9-C875-4032-9C18-D35644196D79}.Debug|Android.ActiveCfg = Debug|Any CPU
		{323704F9-C875-4032-9C18-D35644196D79}.Debug|Android.Build.0 = Debug|Any CPU
		{323704F9-C875-4032-9C18-D35644196D79}.Debug|Any CPU.ActiveCfg = Debug|Any CPU
		{323704F9-C875-4032-9C18-D35644196D79}.Debug|Any CPU.Build.0 = Debug|Any CPU
		{323704F9-C875-4032-9C18-D35644196D79}.Debug|iOS.ActiveCfg = Debug|Any CPU
		{323704F9-C875-4032-9C18-D35644196D79}.Debug|iOS.Build.0 = Debug|Any CPU
		{323704F9-C875-4032-9C18-D35644196D79}.Debug|Windows Phone (Universal).ActiveCfg = Debug|Any CPU
		{323704F9-C875-4032-9C18-D35644196D79}.Debug|Windows Phone (Universal).Build.0 = Debug|Any CPU
		{323704F9-C875-4032-9C18-D35644196D79}.Debug|Windows Phone 8.ActiveCfg = Debug|Any CPU
		{323704F9-C875-4032-9C18-D35644196D79}.Debug|Windows Phone 8.Build.0 = Debug|Any CPU
		{323704F9-C875-4032-9C18-D35644196D79}.Debug|Windows-AnyCPU.ActiveCfg = Debug|Any CPU
		{323704F9-C875-4032-9C18-D35644196D79}.Debug|Windows-AnyCPU.Build.0 = Debug|Any CPU
		{323704F9-C875-4032-9C18-D35644196D79}.Debug|Windows-ARM.ActiveCfg = Debug|Any CPU
		{323704F9-C875-4032-9C18-D35644196D79}.Debug|Windows-ARM.Build.0 = Debug|Any CPU
		{323704F9-C875-4032-9C18-D35644196D79}.Debug|Windows-x64.ActiveCfg = Debug|Any CPU
		{323704F9-C875-4032-9C18-D35644196D79}.Debug|Windows-x64.Build.0 = Debug|Any CPU
		{323704F9-C875-4032-9C18-D35644196D79}.Debug|Windows-x86.ActiveCfg = Debug|Any CPU
		{323704F9-C875-4032-9C18-D35644196D79}.Debug|Windows-x86.Build.0 = Debug|Any CPU
		{323704F9-C875-4032-9C18-D35644196D79}.Distribution|Android.ActiveCfg = Debug|Any CPU
		{323704F9-C875-4032-9C18-D35644196D79}.Distribution|Android.Build.0 = Debug|Any CPU
		{323704F9-C875-4032-9C18-D35644196D79}.Distribution|Any CPU.ActiveCfg = Debug|Any CPU
		{323704F9-C875-4032-9C18-D35644196D79}.Distribution|Any CPU.Build.0 = Debug|Any CPU
		{323704F9-C875-4032-9C18-D35644196D79}.Distribution|iOS.ActiveCfg = Debug|Any CPU
		{323704F9-C875-4032-9C18-D35644196D79}.Distribution|iOS.Build.0 = Debug|Any CPU
		{323704F9-C875-4032-9C18-D35644196D79}.Distribution|Windows Phone (Universal).ActiveCfg = Debug|Any CPU
		{323704F9-C875-4032-9C18-D35644196D79}.Distribution|Windows Phone (Universal).Build.0 = Debug|Any CPU
		{323704F9-C875-4032-9C18-D35644196D79}.Distribution|Windows Phone 8.ActiveCfg = Debug|Any CPU
		{323704F9-C875-4032-9C18-D35644196D79}.Distribution|Windows Phone 8.Build.0 = Debug|Any CPU
		{323704F9-C875-4032-9C18-D35644196D79}.Distribution|Windows-AnyCPU.ActiveCfg = Debug|Any CPU
		{323704F9-C875-4032-9C18-D35644196D79}.Distribution|Windows-AnyCPU.Build.0 = Debug|Any CPU
		{323704F9-C875-4032-9C18-D35644196D79}.Distribution|Windows-ARM.ActiveCfg = Debug|Any CPU
		{323704F9-C875-4032-9C18-D35644196D79}.Distribution|Windows-ARM.Build.0 = Debug|Any CPU
		{323704F9-C875-4032-9C18-D35644196D79}.Distribution|Windows-x64.ActiveCfg = Debug|Any CPU
		{323704F9-C875-4032-9C18-D35644196D79}.Distribution|Windows-x64.Build.0 = Debug|Any CPU
		{323704F9-C875-4032-9C18-D35644196D79}.Distribution|Windows-x86.ActiveCfg = Debug|Any CPU
		{323704F9-C875-4032-9C18-D35644196D79}.Distribution|Windows-x86.Build.0 = Debug|Any CPU
		{323704F9-C875-4032-9C18-D35644196D79}.Release|Android.ActiveCfg = Release|Any CPU
		{323704F9-C875-4032-9C18-D35644196D79}.Release|Android.Build.0 = Release|Any CPU
		{323704F9-C875-4032-9C18-D35644196D79}.Release|Any CPU.ActiveCfg = Release|Any CPU
		{323704F9-C875-4032-9C18-D35644196D79}.Release|Any CPU.Build.0 = Release|Any CPU
		{323704F9-C875-4032-9C18-D35644196D79}.Release|iOS.ActiveCfg = Release|Any CPU
		{323704F9-C875-4032-9C18-D35644196D79}.Release|iOS.Build.0 = Release|Any CPU
		{323704F9-C875-4032-9C18-D35644196D79}.Release|Windows Phone (Universal).ActiveCfg = Release|Any CPU
		{323704F9-C875-4032-9C18-D35644196D79}.Release|Windows Phone (Universal).Build.0 = Release|Any CPU
		{323704F9-C875-4032-9C18-D35644196D79}.Release|Windows Phone 8.ActiveCfg = Release|Any CPU
		{323704F9-C875-4032-9C18-D35644196D79}.Release|Windows Phone 8.Build.0 = Release|Any CPU
		{323704F9-C875-4032-9C18-D35644196D79}.Release|Windows-AnyCPU.ActiveCfg = Release|Any CPU
		{323704F9-C875-4032-9C18-D35644196D79}.Release|Windows-AnyCPU.Build.0 = Release|Any CPU
		{323704F9-C875-4032-9C18-D35644196D79}.Release|Windows-ARM.ActiveCfg = Release|Any CPU
		{323704F9-C875-4032-9C18-D35644196D79}.Release|Windows-ARM.Build.0 = Release|Any CPU
		{323704F9-C875-4032-9C18-D35644196D79}.Release|Windows-x64.ActiveCfg = Release|Any CPU
		{323704F9-C875-4032-9C18-D35644196D79}.Release|Windows-x64.Build.0 = Release|Any CPU
		{323704F9-C875-4032-9C18-D35644196D79}.Release|Windows-x86.ActiveCfg = Release|Any CPU
		{323704F9-C875-4032-9C18-D35644196D79}.Release|Windows-x86.Build.0 = Release|Any CPU
		{9D26E2A9-4BD1-4DB3-8DC4-FA446B718BBB}.Debug|Android.ActiveCfg = Debug|Any CPU
		{9D26E2A9-4BD1-4DB3-8DC4-FA446B718BBB}.Debug|Android.Build.0 = Debug|Any CPU
		{9D26E2A9-4BD1-4DB3-8DC4-FA446B718BBB}.Debug|Any CPU.ActiveCfg = Debug|Any CPU
		{9D26E2A9-4BD1-4DB3-8DC4-FA446B718BBB}.Debug|Any CPU.Build.0 = Debug|Any CPU
		{9D26E2A9-4BD1-4DB3-8DC4-FA446B718BBB}.Debug|iOS.ActiveCfg = Debug|Any CPU
		{9D26E2A9-4BD1-4DB3-8DC4-FA446B718BBB}.Debug|iOS.Build.0 = Debug|Any CPU
		{9D26E2A9-4BD1-4DB3-8DC4-FA446B718BBB}.Debug|Windows Phone (Universal).ActiveCfg = Debug|Any CPU
		{9D26E2A9-4BD1-4DB3-8DC4-FA446B718BBB}.Debug|Windows Phone (Universal).Build.0 = Debug|Any CPU
		{9D26E2A9-4BD1-4DB3-8DC4-FA446B718BBB}.Debug|Windows Phone 8.ActiveCfg = Debug|Any CPU
		{9D26E2A9-4BD1-4DB3-8DC4-FA446B718BBB}.Debug|Windows Phone 8.Build.0 = Debug|Any CPU
		{9D26E2A9-4BD1-4DB3-8DC4-FA446B718BBB}.Debug|Windows-AnyCPU.ActiveCfg = Debug|Any CPU
		{9D26E2A9-4BD1-4DB3-8DC4-FA446B718BBB}.Debug|Windows-AnyCPU.Build.0 = Debug|Any CPU
		{9D26E2A9-4BD1-4DB3-8DC4-FA446B718BBB}.Debug|Windows-ARM.ActiveCfg = Debug|Any CPU
		{9D26E2A9-4BD1-4DB3-8DC4-FA446B718BBB}.Debug|Windows-ARM.Build.0 = Debug|Any CPU
		{9D26E2A9-4BD1-4DB3-8DC4-FA446B718BBB}.Debug|Windows-x64.ActiveCfg = Debug|Any CPU
		{9D26E2A9-4BD1-4DB3-8DC4-FA446B718BBB}.Debug|Windows-x64.Build.0 = Debug|Any CPU
		{9D26E2A9-4BD1-4DB3-8DC4-FA446B718BBB}.Debug|Windows-x86.ActiveCfg = Debug|Any CPU
		{9D26E2A9-4BD1-4DB3-8DC4-FA446B718BBB}.Debug|Windows-x86.Build.0 = Debug|Any CPU
		{9D26E2A9-4BD1-4DB3-8DC4-FA446B718BBB}.Distribution|Android.ActiveCfg = Debug|Any CPU
		{9D26E2A9-4BD1-4DB3-8DC4-FA446B718BBB}.Distribution|Android.Build.0 = Debug|Any CPU
		{9D26E2A9-4BD1-4DB3-8DC4-FA446B718BBB}.Distribution|Any CPU.ActiveCfg = Debug|Any CPU
		{9D26E2A9-4BD1-4DB3-8DC4-FA446B718BBB}.Distribution|Any CPU.Build.0 = Debug|Any CPU
		{9D26E2A9-4BD1-4DB3-8DC4-FA446B718BBB}.Distribution|iOS.ActiveCfg = Debug|Any CPU
		{9D26E2A9-4BD1-4DB3-8DC4-FA446B718BBB}.Distribution|iOS.Build.0 = Debug|Any CPU
		{9D26E2A9-4BD1-4DB3-8DC4-FA446B718BBB}.Distribution|Windows Phone (Universal).ActiveCfg = Debug|Any CPU
		{9D26E2A9-4BD1-4DB3-8DC4-FA446B718BBB}.Distribution|Windows Phone (Universal).Build.0 = Debug|Any CPU
		{9D26E2A9-4BD1-4DB3-8DC4-FA446B718BBB}.Distribution|Windows Phone 8.ActiveCfg = Debug|Any CPU
		{9D26E2A9-4BD1-4DB3-8DC4-FA446B718BBB}.Distribution|Windows Phone 8.Build.0 = Debug|Any CPU
		{9D26E2A9-4BD1-4DB3-8DC4-FA446B718BBB}.Distribution|Windows-AnyCPU.ActiveCfg = Debug|Any CPU
		{9D26E2A9-4BD1-4DB3-8DC4-FA446B718BBB}.Distribution|Windows-AnyCPU.Build.0 = Debug|Any CPU
		{9D26E2A9-4BD1-4DB3-8DC4-FA446B718BBB}.Distribution|Windows-ARM.ActiveCfg = Debug|Any CPU
		{9D26E2A9-4BD1-4DB3-8DC4-FA446B718BBB}.Distribution|Windows-ARM.Build.0 = Debug|Any CPU
		{9D26E2A9-4BD1-4DB3-8DC4-FA446B718BBB}.Distribution|Windows-x64.ActiveCfg = Debug|Any CPU
		{9D26E2A9-4BD1-4DB3-8DC4-FA446B718BBB}.Distribution|Windows-x64.Build.0 = Debug|Any CPU
		{9D26E2A9-4BD1-4DB3-8DC4-FA446B718BBB}.Distribution|Windows-x86.ActiveCfg = Debug|Any CPU
		{9D26E2A9-4BD1-4DB3-8DC4-FA446B718BBB}.Distribution|Windows-x86.Build.0 = Debug|Any CPU
		{9D26E2A9-4BD1-4DB3-8DC4-FA446B718BBB}.Release|Android.ActiveCfg = Release|Any CPU
		{9D26E2A9-4BD1-4DB3-8DC4-FA446B718BBB}.Release|Android.Build.0 = Release|Any CPU
		{9D26E2A9-4BD1-4DB3-8DC4-FA446B718BBB}.Release|Any CPU.ActiveCfg = Release|Any CPU
		{9D26E2A9-4BD1-4DB3-8DC4-FA446B718BBB}.Release|Any CPU.Build.0 = Release|Any CPU
		{9D26E2A9-4BD1-4DB3-8DC4-FA446B718BBB}.Release|iOS.ActiveCfg = Release|Any CPU
		{9D26E2A9-4BD1-4DB3-8DC4-FA446B718BBB}.Release|iOS.Build.0 = Release|Any CPU
		{9D26E2A9-4BD1-4DB3-8DC4-FA446B718BBB}.Release|Windows Phone (Universal).ActiveCfg = Release|Any CPU
		{9D26E2A9-4BD1-4DB3-8DC4-FA446B718BBB}.Release|Windows Phone (Universal).Build.0 = Release|Any CPU
		{9D26E2A9-4BD1-4DB3-8DC4-FA446B718BBB}.Release|Windows Phone 8.ActiveCfg = Release|Any CPU
		{9D26E2A9-4BD1-4DB3-8DC4-FA446B718BBB}.Release|Windows Phone 8.Build.0 = Release|Any CPU
		{9D26E2A9-4BD1-4DB3-8DC4-FA446B718BBB}.Release|Windows-AnyCPU.ActiveCfg = Release|Any CPU
		{9D26E2A9-4BD1-4DB3-8DC4-FA446B718BBB}.Release|Windows-AnyCPU.Build.0 = Release|Any CPU
		{9D26E2A9-4BD1-4DB3-8DC4-FA446B718BBB}.Release|Windows-ARM.ActiveCfg = Release|Any CPU
		{9D26E2A9-4BD1-4DB3-8DC4-FA446B718BBB}.Release|Windows-ARM.Build.0 = Release|Any CPU
		{9D26E2A9-4BD1-4DB3-8DC4-FA446B718BBB}.Release|Windows-x64.ActiveCfg = Release|Any CPU
		{9D26E2A9-4BD1-4DB3-8DC4-FA446B718BBB}.Release|Windows-x64.Build.0 = Release|Any CPU
		{9D26E2A9-4BD1-4DB3-8DC4-FA446B718BBB}.Release|Windows-x86.ActiveCfg = Release|Any CPU
		{9D26E2A9-4BD1-4DB3-8DC4-FA446B718BBB}.Release|Windows-x86.Build.0 = Release|Any CPU
		{3C403852-C8AA-4351-B9A6-D9ADE37EC682}.Debug|Android.ActiveCfg = Debug|Any CPU
		{3C403852-C8AA-4351-B9A6-D9ADE37EC682}.Debug|Android.Build.0 = Debug|Any CPU
		{3C403852-C8AA-4351-B9A6-D9ADE37EC682}.Debug|Any CPU.ActiveCfg = Debug|Any CPU
		{3C403852-C8AA-4351-B9A6-D9ADE37EC682}.Debug|Any CPU.Build.0 = Debug|Any CPU
		{3C403852-C8AA-4351-B9A6-D9ADE37EC682}.Debug|iOS.ActiveCfg = Debug|Any CPU
		{3C403852-C8AA-4351-B9A6-D9ADE37EC682}.Debug|iOS.Build.0 = Debug|Any CPU
		{3C403852-C8AA-4351-B9A6-D9ADE37EC682}.Debug|Windows Phone (Universal).ActiveCfg = Debug|Any CPU
		{3C403852-C8AA-4351-B9A6-D9ADE37EC682}.Debug|Windows Phone (Universal).Build.0 = Debug|Any CPU
		{3C403852-C8AA-4351-B9A6-D9ADE37EC682}.Debug|Windows Phone 8.ActiveCfg = Debug|Any CPU
		{3C403852-C8AA-4351-B9A6-D9ADE37EC682}.Debug|Windows Phone 8.Build.0 = Debug|Any CPU
		{3C403852-C8AA-4351-B9A6-D9ADE37EC682}.Debug|Windows-AnyCPU.ActiveCfg = Debug|Any CPU
		{3C403852-C8AA-4351-B9A6-D9ADE37EC682}.Debug|Windows-AnyCPU.Build.0 = Debug|Any CPU
		{3C403852-C8AA-4351-B9A6-D9ADE37EC682}.Debug|Windows-ARM.ActiveCfg = Debug|Any CPU
		{3C403852-C8AA-4351-B9A6-D9ADE37EC682}.Debug|Windows-ARM.Build.0 = Debug|Any CPU
		{3C403852-C8AA-4351-B9A6-D9ADE37EC682}.Debug|Windows-x64.ActiveCfg = Debug|Any CPU
		{3C403852-C8AA-4351-B9A6-D9ADE37EC682}.Debug|Windows-x64.Build.0 = Debug|Any CPU
		{3C403852-C8AA-4351-B9A6-D9ADE37EC682}.Debug|Windows-x86.ActiveCfg = Debug|Any CPU
		{3C403852-C8AA-4351-B9A6-D9ADE37EC682}.Debug|Windows-x86.Build.0 = Debug|Any CPU
		{3C403852-C8AA-4351-B9A6-D9ADE37EC682}.Distribution|Android.ActiveCfg = Debug|Any CPU
		{3C403852-C8AA-4351-B9A6-D9ADE37EC682}.Distribution|Android.Build.0 = Debug|Any CPU
		{3C403852-C8AA-4351-B9A6-D9ADE37EC682}.Distribution|Any CPU.ActiveCfg = Debug|Any CPU
		{3C403852-C8AA-4351-B9A6-D9ADE37EC682}.Distribution|Any CPU.Build.0 = Debug|Any CPU
		{3C403852-C8AA-4351-B9A6-D9ADE37EC682}.Distribution|iOS.ActiveCfg = Debug|Any CPU
		{3C403852-C8AA-4351-B9A6-D9ADE37EC682}.Distribution|iOS.Build.0 = Debug|Any CPU
		{3C403852-C8AA-4351-B9A6-D9ADE37EC682}.Distribution|Windows Phone (Universal).ActiveCfg = Debug|Any CPU
		{3C403852-C8AA-4351-B9A6-D9ADE37EC682}.Distribution|Windows Phone (Universal).Build.0 = Debug|Any CPU
		{3C403852-C8AA-4351-B9A6-D9ADE37EC682}.Distribution|Windows Phone 8.ActiveCfg = Debug|Any CPU
		{3C403852-C8AA-4351-B9A6-D9ADE37EC682}.Distribution|Windows Phone 8.Build.0 = Debug|Any CPU
		{3C403852-C8AA-4351-B9A6-D9ADE37EC682}.Distribution|Windows-AnyCPU.ActiveCfg = Debug|Any CPU
		{3C403852-C8AA-4351-B9A6-D9ADE37EC682}.Distribution|Windows-AnyCPU.Build.0 = Debug|Any CPU
		{3C403852-C8AA-4351-B9A6-D9ADE37EC682}.Distribution|Windows-ARM.ActiveCfg = Debug|Any CPU
		{3C403852-C8AA-4351-B9A6-D9ADE37EC682}.Distribution|Windows-ARM.Build.0 = Debug|Any CPU
		{3C403852-C8AA-4351-B9A6-D9ADE37EC682}.Distribution|Windows-x64.ActiveCfg = Debug|Any CPU
		{3C403852-C8AA-4351-B9A6-D9ADE37EC682}.Distribution|Windows-x64.Build.0 = Debug|Any CPU
		{3C403852-C8AA-4351-B9A6-D9ADE37EC682}.Distribution|Windows-x86.ActiveCfg = Debug|Any CPU
		{3C403852-C8AA-4351-B9A6-D9ADE37EC682}.Distribution|Windows-x86.Build.0 = Debug|Any CPU
		{3C403852-C8AA-4351-B9A6-D9ADE37EC682}.Release|Android.ActiveCfg = Release|Any CPU
		{3C403852-C8AA-4351-B9A6-D9ADE37EC682}.Release|Android.Build.0 = Release|Any CPU
		{3C403852-C8AA-4351-B9A6-D9ADE37EC682}.Release|Any CPU.ActiveCfg = Release|Any CPU
		{3C403852-C8AA-4351-B9A6-D9ADE37EC682}.Release|Any CPU.Build.0 = Release|Any CPU
		{3C403852-C8AA-4351-B9A6-D9ADE37EC682}.Release|iOS.ActiveCfg = Release|Any CPU
		{3C403852-C8AA-4351-B9A6-D9ADE37EC682}.Release|iOS.Build.0 = Release|Any CPU
		{3C403852-C8AA-4351-B9A6-D9ADE37EC682}.Release|Windows Phone (Universal).ActiveCfg = Release|Any CPU
		{3C403852-C8AA-4351-B9A6-D9ADE37EC682}.Release|Windows Phone (Universal).Build.0 = Release|Any CPU
		{3C403852-C8AA-4351-B9A6-D9ADE37EC682}.Release|Windows Phone 8.ActiveCfg = Release|Any CPU
		{3C403852-C8AA-4351-B9A6-D9ADE37EC682}.Release|Windows Phone 8.Build.0 = Release|Any CPU
		{3C403852-C8AA-4351-B9A6-D9ADE37EC682}.Release|Windows-AnyCPU.ActiveCfg = Release|Any CPU
		{3C403852-C8AA-4351-B9A6-D9ADE37EC682}.Release|Windows-AnyCPU.Build.0 = Release|Any CPU
		{3C403852-C8AA-4351-B9A6-D9ADE37EC682}.Release|Windows-ARM.ActiveCfg = Release|Any CPU
		{3C403852-C8AA-4351-B9A6-D9ADE37EC682}.Release|Windows-ARM.Build.0 = Release|Any CPU
		{3C403852-C8AA-4351-B9A6-D9ADE37EC682}.Release|Windows-x64.ActiveCfg = Release|Any CPU
		{3C403852-C8AA-4351-B9A6-D9ADE37EC682}.Release|Windows-x64.Build.0 = Release|Any CPU
		{3C403852-C8AA-4351-B9A6-D9ADE37EC682}.Release|Windows-x86.ActiveCfg = Release|Any CPU
		{3C403852-C8AA-4351-B9A6-D9ADE37EC682}.Release|Windows-x86.Build.0 = Release|Any CPU
	EndGlobalSection
	GlobalSection(SolutionProperties) = preSolution
		HideSolutionNode = FALSE
	EndGlobalSection
	GlobalSection(NestedProjects) = preSolution
		{81942FAF-957E-4E11-A44D-2F147FD6840D} = {3B13718C-273C-43ED-8749-63D2D1C39DF4}
		{23E8A064-29CD-461D-8238-0A69F0909AAF} = {7E9874DB-A333-4030-8EB0-84DAC511B0B1}
		{323704F9-C875-4032-9C18-D35644196D79} = {E4DE92D9-EB54-4B1A-818A-C3B0FEA51850}
		{9D26E2A9-4BD1-4DB3-8DC4-FA446B718BBB} = {E4DE92D9-EB54-4B1A-818A-C3B0FEA51850}
		{3C403852-C8AA-4351-B9A6-D9ADE37EC682} = {7E9874DB-A333-4030-8EB0-84DAC511B0B1}
	EndGlobalSection
EndGlobal
